
Microsoft Visual Studio Solution File, Format Version 12.00
# Visual Studio Version 17
VisualStudioVersion = 17.0.31903.59
MinimumVisualStudioVersion = 10.0.40219.1
Project("{2150E333-8FDC-42A3-9474-1A3956D46DE8}") = "src", "src", "{827E0CD3-B72D-47B6-A68D-7590B98EB39B}"
EndProject
Project("{FAE04EC0-301F-11D3-BF4B-00C04F79EFBC}") = "Atlas.Core", "src\Atlas.Core\Atlas.Core.csproj", "{BD248923-EB31-4C08-A95C-44F4179B5EC8}"
EndProject
Project("{FAE04EC0-301F-11D3-BF4B-00C04F79EFBC}") = "Atlas.AI", "src\Atlas.AI\Atlas.AI.csproj", "{8CAA367F-CBBB-44F1-A57E-67D99E535AA4}"
EndProject
Project("{FAE04EC0-301F-11D3-BF4B-00C04F79EFBC}") = "Atlas.Storage", "src\Atlas.Storage\Atlas.Storage.csproj", "{8A71ADC1-39C8-45A5-85B3-591ED01DB6E0}"
EndProject
Project("{FAE04EC0-301F-11D3-BF4B-00C04F79EFBC}") = "Atlas.Service", "src\Atlas.Service\Atlas.Service.csproj", "{F15538E9-584E-49F3-A6CC-796190DEA0B7}"
EndProject
Project("{FAE04EC0-301F-11D3-BF4B-00C04F79EFBC}") = "Atlas.Core.Tests", "tests\Atlas.Core.Tests\Atlas.Core.Tests.csproj", "{47A333BF-4147-40E9-9AD4-C7BAEBB14FA4}"
EndProject
Project("{FAE04EC0-301F-11D3-BF4B-00C04F79EFBC}") = "Atlas.App", "src\Atlas.App\Atlas.App.csproj", "{6C4CD043-8177-4319-A8BD-F49C227CE978}"
EndProject
Project("{2150E333-8FDC-42A3-9474-1A3956D46DE8}") = "tests", "tests", "{0AB3BF05-4346-4AA6-1389-037BE0695223}"
EndProject
Project("{FAE04EC0-301F-11D3-BF4B-00C04F79EFBC}") = "Atlas.Service.Tests", "tests\Atlas.Service.Tests\Atlas.Service.Tests.csproj", "{2320C196-B639-48C6-B099-6802B69B0D18}"
EndProject
Project("{FAE04EC0-301F-11D3-BF4B-00C04F79EFBC}") = "Atlas.AI.Tests", "tests\Atlas.AI.Tests\Atlas.AI.Tests.csproj", "{6A1CA72E-0070-4852-85F0-20E7E59B3108}"
EndProject
Global
	GlobalSection(SolutionConfigurationPlatforms) = preSolution
		Debug|Any CPU = Debug|Any CPU
		Debug|x64 = Debug|x64
		Debug|x86 = Debug|x86
		Release|Any CPU = Release|Any CPU
		Release|x64 = Release|x64
		Release|x86 = Release|x86
	EndGlobalSection
	GlobalSection(ProjectConfigurationPlatforms) = postSolution
		{BD248923-EB31-4C08-A95C-44F4179B5EC8}.Debug|Any CPU.ActiveCfg = Debug|Any CPU
		{BD248923-EB31-4C08-A95C-44F4179B5EC8}.Debug|Any CPU.Build.0 = Debug|Any CPU
		{BD248923-EB31-4C08-A95C-44F4179B5EC8}.Debug|x64.ActiveCfg = Debug|Any CPU
		{BD248923-EB31-4C08-A95C-44F4179B5EC8}.Debug|x64.Build.0 = Debug|Any CPU
		{BD248923-EB31-4C08-A95C-44F4179B5EC8}.Debug|x86.ActiveCfg = Debug|Any CPU
		{BD248923-EB31-4C08-A95C-44F4179B5EC8}.Debug|x86.Build.0 = Debug|Any CPU
		{BD248923-EB31-4C08-A95C-44F4179B5EC8}.Release|Any CPU.ActiveCfg = Release|Any CPU
		{BD248923-EB31-4C08-A95C-44F4179B5EC8}.Release|Any CPU.Build.0 = Release|Any CPU
		{BD248923-EB31-4C08-A95C-44F4179B5EC8}.Release|x64.ActiveCfg = Release|Any CPU
		{BD248923-EB31-4C08-A95C-44F4179B5EC8}.Release|x64.Build.0 = Release|Any CPU
		{BD248923-EB31-4C08-A95C-44F4179B5EC8}.Release|x86.ActiveCfg = Release|Any CPU
		{BD248923-EB31-4C08-A95C-44F4179B5EC8}.Release|x86.Build.0 = Release|Any CPU
		{8CAA367F-CBBB-44F1-A57E-67D99E535AA4}.Debug|Any CPU.ActiveCfg = Debug|Any CPU
		{8CAA367F-CBBB-44F1-A57E-67D99E535AA4}.Debug|Any CPU.Build.0 = Debug|Any CPU
		{8CAA367F-CBBB-44F1-A57E-67D99E535AA4}.Debug|x64.ActiveCfg = Debug|Any CPU
		{8CAA367F-CBBB-44F1-A57E-67D99E535AA4}.Debug|x64.Build.0 = Debug|Any CPU
		{8CAA367F-CBBB-44F1-A57E-67D99E535AA4}.Debug|x86.ActiveCfg = Debug|Any CPU
		{8CAA367F-CBBB-44F1-A57E-67D99E535AA4}.Debug|x86.Build.0 = Debug|Any CPU
		{8CAA367F-CBBB-44F1-A57E-67D99E535AA4}.Release|Any CPU.ActiveCfg = Release|Any CPU
		{8CAA367F-CBBB-44F1-A57E-67D99E535AA4}.Release|Any CPU.Build.0 = Release|Any CPU
		{8CAA367F-CBBB-44F1-A57E-67D99E535AA4}.Release|x64.ActiveCfg = Release|Any CPU
		{8CAA367F-CBBB-44F1-A57E-67D99E535AA4}.Release|x64.Build.0 = Release|Any CPU
		{8CAA367F-CBBB-44F1-A57E-67D99E535AA4}.Release|x86.ActiveCfg = Release|Any CPU
		{8CAA367F-CBBB-44F1-A57E-67D99E535AA4}.Release|x86.Build.0 = Release|Any CPU
		{8A71ADC1-39C8-45A5-85B3-591ED01DB6E0}.Debug|Any CPU.ActiveCfg = Debug|Any CPU
		{8A71ADC1-39C8-45A5-85B3-591ED01DB6E0}.Debug|Any CPU.Build.0 = Debug|Any CPU
		{8A71ADC1-39C8-45A5-85B3-591ED01DB6E0}.Debug|x64.ActiveCfg = Debug|Any CPU
		{8A71ADC1-39C8-45A5-85B3-591ED01DB6E0}.Debug|x64.Build.0 = Debug|Any CPU
		{8A71ADC1-39C8-45A5-85B3-591ED01DB6E0}.Debug|x86.ActiveCfg = Debug|Any CPU
		{8A71ADC1-39C8-45A5-85B3-591ED01DB6E0}.Debug|x86.Build.0 = Debug|Any CPU
		{8A71ADC1-39C8-45A5-85B3-591ED01DB6E0}.Release|Any CPU.ActiveCfg = Release|Any CPU
		{8A71ADC1-39C8-45A5-85B3-591ED01DB6E0}.Release|Any CPU.Build.0 = Release|Any CPU
		{8A71ADC1-39C8-45A5-85B3-591ED01DB6E0}.Release|x64.ActiveCfg = Release|Any CPU
		{8A71ADC1-39C8-45A5-85B3-591ED01DB6E0}.Release|x64.Build.0 = Release|Any CPU
		{8A71ADC1-39C8-45A5-85B3-591ED01DB6E0}.Release|x86.ActiveCfg = Release|Any CPU
		{8A71ADC1-39C8-45A5-85B3-591ED01DB6E0}.Release|x86.Build.0 = Release|Any CPU
		{F15538E9-584E-49F3-A6CC-796190DEA0B7}.Debug|Any CPU.ActiveCfg = Debug|Any CPU
		{F15538E9-584E-49F3-A6CC-796190DEA0B7}.Debug|Any CPU.Build.0 = Debug|Any CPU
		{F15538E9-584E-49F3-A6CC-796190DEA0B7}.Debug|x64.ActiveCfg = Debug|Any CPU
		{F15538E9-584E-49F3-A6CC-796190DEA0B7}.Debug|x64.Build.0 = Debug|Any CPU
		{F15538E9-584E-49F3-A6CC-796190DEA0B7}.Debug|x86.ActiveCfg = Debug|Any CPU
		{F15538E9-584E-49F3-A6CC-796190DEA0B7}.Debug|x86.Build.0 = Debug|Any CPU
		{F15538E9-584E-49F3-A6CC-796190DEA0B7}.Release|Any CPU.ActiveCfg = Release|Any CPU
		{F15538E9-584E-49F3-A6CC-796190DEA0B7}.Release|Any CPU.Build.0 = Release|Any CPU
		{F15538E9-584E-49F3-A6CC-796190DEA0B7}.Release|x64.ActiveCfg = Release|Any CPU
		{F15538E9-584E-49F3-A6CC-796190DEA0B7}.Release|x64.Build.0 = Release|Any CPU
		{F15538E9-584E-49F3-A6CC-796190DEA0B7}.Release|x86.ActiveCfg = Release|Any CPU
		{F15538E9-584E-49F3-A6CC-796190DEA0B7}.Release|x86.Build.0 = Release|Any CPU
		{47A333BF-4147-40E9-9AD4-C7BAEBB14FA4}.Debug|Any CPU.ActiveCfg = Debug|Any CPU
		{47A333BF-4147-40E9-9AD4-C7BAEBB14FA4}.Debug|Any CPU.Build.0 = Debug|Any CPU
		{47A333BF-4147-40E9-9AD4-C7BAEBB14FA4}.Debug|x64.ActiveCfg = Debug|Any CPU
		{47A333BF-4147-40E9-9AD4-C7BAEBB14FA4}.Debug|x64.Build.0 = Debug|Any CPU
		{47A333BF-4147-40E9-9AD4-C7BAEBB14FA4}.Debug|x86.ActiveCfg = Debug|Any CPU
		{47A333BF-4147-40E9-9AD4-C7BAEBB14FA4}.Debug|x86.Build.0 = Debug|Any CPU
		{47A333BF-4147-40E9-9AD4-C7BAEBB14FA4}.Release|Any CPU.ActiveCfg = Release|Any CPU
		{47A333BF-4147-40E9-9AD4-C7BAEBB14FA4}.Release|Any CPU.Build.0 = Release|Any CPU
		{47A333BF-4147-40E9-9AD4-C7BAEBB14FA4}.Release|x64.ActiveCfg = Release|Any CPU
		{47A333BF-4147-40E9-9AD4-C7BAEBB14FA4}.Release|x64.Build.0 = Release|Any CPU
		{47A333BF-4147-40E9-9AD4-C7BAEBB14FA4}.Release|x86.ActiveCfg = Release|Any CPU
		{47A333BF-4147-40E9-9AD4-C7BAEBB14FA4}.Release|x86.Build.0 = Release|Any CPU
		{6C4CD043-8177-4319-A8BD-F49C227CE978}.Debug|Any CPU.ActiveCfg = Debug|x64
		{6C4CD043-8177-4319-A8BD-F49C227CE978}.Debug|Any CPU.Build.0 = Debug|x64
		{6C4CD043-8177-4319-A8BD-F49C227CE978}.Debug|x64.ActiveCfg = Debug|x64
		{6C4CD043-8177-4319-A8BD-F49C227CE978}.Debug|x64.Build.0 = Debug|x64
		{6C4CD043-8177-4319-A8BD-F49C227CE978}.Debug|x86.ActiveCfg = Debug|x64
		{6C4CD043-8177-4319-A8BD-F49C227CE978}.Debug|x86.Build.0 = Debug|x64
		{6C4CD043-8177-4319-A8BD-F49C227CE978}.Release|Any CPU.ActiveCfg = Release|x64
		{6C4CD043-8177-4319-A8BD-F49C227CE978}.Release|Any CPU.Build.0 = Release|x64
		{6C4CD043-8177-4319-A8BD-F49C227CE978}.Release|x64.ActiveCfg = Release|x64
		{6C4CD043-8177-4319-A8BD-F49C227CE978}.Release|x64.Build.0 = Release|x64
		{6C4CD043-8177-4319-A8BD-F49C227CE978}.Release|x86.ActiveCfg = Release|x64
		{6C4CD043-8177-4319-A8BD-F49C227CE978}.Release|x86.Build.0 = Release|x64
		{2320C196-B639-48C6-B099-6802B69B0D18}.Debug|Any CPU.ActiveCfg = Debug|Any CPU
		{2320C196-B639-48C6-B099-6802B69B0D18}.Debug|Any CPU.Build.0 = Debug|Any CPU
		{2320C196-B639-48C6-B099-6802B69B0D18}.Debug|x64.ActiveCfg = Debug|Any CPU
		{2320C196-B639-48C6-B099-6802B69B0D18}.Debug|x64.Build.0 = Debug|Any CPU
		{2320C196-B639-48C6-B099-6802B69B0D18}.Debug|x86.ActiveCfg = Debug|Any CPU
		{2320C196-B639-48C6-B099-6802B69B0D18}.Debug|x86.Build.0 = Debug|Any CPU
		{2320C196-B639-48C6-B099-6802B69B0D18}.Release|Any CPU.ActiveCfg = Release|Any CPU
		{2320C196-B639-48C6-B099-6802B69B0D18}.Release|Any CPU.Build.0 = Release|Any CPU
		{2320C196-B639-48C6-B099-6802B69B0D18}.Release|x64.ActiveCfg = Release|Any CPU
		{2320C196-B639-48C6-B099-6802B69B0D18}.Release|x64.Build.0 = Release|Any CPU
		{2320C196-B639-48C6-B099-6802B69B0D18}.Release|x86.ActiveCfg = Release|Any CPU
		{2320C196-B639-48C6-B099-6802B69B0D18}.Release|x86.Build.0 = Release|Any CPU
		{6A1CA72E-0070-4852-85F0-20E7E59B3108}.Debug|Any CPU.ActiveCfg = Debug|Any CPU
		{6A1CA72E-0070-4852-85F0-20E7E59B3108}.Debug|Any CPU.Build.0 = Debug|Any CPU
		{6A1CA72E-0070-4852-85F0-20E7E59B3108}.Debug|x64.ActiveCfg = Debug|Any CPU
		{6A1CA72E-0070-4852-85F0-20E7E59B3108}.Debug|x64.Build.0 = Debug|Any CPU
		{6A1CA72E-0070-4852-85F0-20E7E59B3108}.Debug|x86.ActiveCfg = Debug|Any CPU
		{6A1CA72E-0070-4852-85F0-20E7E59B3108}.Debug|x86.Build.0 = Debug|Any CPU
		{6A1CA72E-0070-4852-85F0-20E7E59B3108}.Release|Any CPU.ActiveCfg = Release|Any CPU
		{6A1CA72E-0070-4852-85F0-20E7E59B3108}.Release|Any CPU.Build.0 = Release|Any CPU
		{6A1CA72E-0070-4852-85F0-20E7E59B3108}.Release|x64.ActiveCfg = Release|Any CPU
		{6A1CA72E-0070-4852-85F0-20E7E59B3108}.Release|x64.Build.0 = Release|Any CPU
		{6A1CA72E-0070-4852-85F0-20E7E59B3108}.Release|x86.ActiveCfg = Release|Any CPU
		{6A1CA72E-0070-4852-85F0-20E7E59B3108}.Release|x86.Build.0 = Release|Any CPU
	EndGlobalSection
	GlobalSection(SolutionProperties) = preSolution
		HideSolutionNode = FALSE
	EndGlobalSection
	GlobalSection(NestedProjects) = preSolution
		{BD248923-EB31-4C08-A95C-44F4179B5EC8} = {827E0CD3-B72D-47B6-A68D-7590B98EB39B}
		{8CAA367F-CBBB-44F1-A57E-67D99E535AA4} = {827E0CD3-B72D-47B6-A68D-7590B98EB39B}
		{8A71ADC1-39C8-45A5-85B3-591ED01DB6E0} = {827E0CD3-B72D-47B6-A68D-7590B98EB39B}
		{F15538E9-584E-49F3-A6CC-796190DEA0B7} = {827E0CD3-B72D-47B6-A68D-7590B98EB39B}
		{47A333BF-4147-40E9-9AD4-C7BAEBB14FA4} = {827E0CD3-B72D-47B6-A68D-7590B98EB39B}
		{6C4CD043-8177-4319-A8BD-F49C227CE978} = {827E0CD3-B72D-47B6-A68D-7590B98EB39B}
		{2320C196-B639-48C6-B099-6802B69B0D18} = {0AB3BF05-4346-4AA6-1389-037BE0695223}
		{6A1CA72E-0070-4852-85F0-20E7E59B3108} = {0AB3BF05-4346-4AA6-1389-037BE0695223}
	EndGlobalSection
EndGlobal
